
Microsoft Visual Studio Solution File, Format Version 12.00
# Visual Studio Version 17
VisualStudioVersion = 17.10.34916.146
MinimumVisualStudioVersion = 10.0.40219.1
Project("{FAE04EC0-301F-11D3-BF4B-00C04F79EFBC}") = "ToDoListApp", "ToDoListApp\ToDoListApp.csproj", "{4FE79B92-626A-4B7E-9CDE-DA37F9C64A81}"
EndProject
Global
	GlobalSection(SolutionConfigurationPlatforms) = preSolution
		Debug|Any CPU = Debug|Any CPU
		Release|Any CPU = Release|Any CPU
	EndGlobalSection
	GlobalSection(ProjectConfigurationPlatforms) = postSolution
		{4FE79B92-626A-4B7E-9CDE-DA37F9C64A81}.Debug|Any CPU.ActiveCfg = Debug|Any CPU
		{4FE79B92-626A-4B7E-9CDE-DA37F9C64A81}.Debug|Any CPU.Build.0 = Debug|Any CPU
		{4FE79B92-626A-4B7E-9CDE-DA37F9C64A81}.Release|Any CPU.ActiveCfg = Release|Any CPU
		{4FE79B92-626A-4B7E-9CDE-DA37F9C64A81}.Release|Any CPU.Build.0 = Release|Any CPU
	EndGlobalSection
	GlobalSection(SolutionProperties) = preSolution
		HideSolutionNode = FALSE
	EndGlobalSection
	GlobalSection(ExtensibilityGlobals) = postSolution
		SolutionGuid = {6B67331B-2551-4367-8B26-73B1B11BB4E9}
	EndGlobalSection
EndGlobal
